PODS:
  - Alamofire (5.6.4)
  - CountryPickerView (3.3.0)

DEPENDENCIES:
  - Alamofire
  - CountryPickerView

SPEC REPOS:
  trunk:
    - Alamofire
    - CountryPickerView

SPEC CHECKSUMS:
  Alamofire: 4e95d97098eacb88856099c4fc79b526a299e48c
  CountryPickerView: 6322ada32a80b0cd721b0267282a5c24f406f263

PODFILE CHECKSUM: b4f4844ea3ac4443e69887757f4cea2ee45696f1

COCOAPODS: 1.12.0
