{
  "pins" : [
    {
      "identity" : "kingfisher",
      "kind" : "remoteSourceControl",
      "location" : "https://github.com/onevcat/Kingfisher.git",
      "state" : {
        "branch" : "master",
        "revision" : "9375e4a0e5db3698c1f92bd5d1dc88b0b71caa8b"
      }
    },
    {
      "identity" : "swiftui-introspect",
      "kind" : "remoteSourceControl",
      "location" : "https://github.com/siteline/SwiftUI-Introspect.git",
      "state" : {
        "revision" : "c18951c747ab62af7c15e17a81bd37d4fd5a9979",
        "version" : "0.2.3"
      }
    }
  ],
  "version" : 2
}
